
Microsoft Visual Studio Solution File, Format Version 12.00
# Visual Studio Version 16
VisualStudioVersion = 16.0.32929.386
MinimumVisualStudioVersion = 10.0.40219.1
Project("{FAE04EC0-301F-11D3-BF4B-00C04F79EFBC}") = "Calculadora", "Calculadora\Calculadora.csproj", "{36F74080-93D8-4DDD-B795-2ABC0D5A7181}"
EndProject
Global
	GlobalSection(SolutionConfigurationPlatforms) = preSolution
		Debug|Any CPU = Debug|Any CPU
		Release|Any CPU = Release|Any CPU
	EndGlobalSection
	GlobalSection(ProjectConfigurationPlatforms) = postSolution
		{36F74080-93D8-4DDD-B795-2ABC0D5A7181}.Debug|Any CPU.ActiveCfg = Debug|Any CPU
		{36F74080-93D8-4DDD-B795-2ABC0D5A7181}.Debug|Any CPU.Build.0 = Debug|Any CPU
		{36F74080-93D8-4DDD-B795-2ABC0D5A7181}.Release|Any CPU.ActiveCfg = Release|Any CPU
		{36F74080-93D8-4DDD-B795-2ABC0D5A7181}.Release|Any CPU.Build.0 = Release|Any CPU
	EndGlobalSection
	GlobalSection(SolutionProperties) = preSolution
		HideSolutionNode = FALSE
	EndGlobalSection
	GlobalSection(ExtensibilityGlobals) = postSolution
		SolutionGuid = {2A2AC236-EB03-4F4B-9C3A-D1DEB7413346}
	EndGlobalSection
EndGlobal
